{
    "requires": true,
    "lockfileVersion": 1,
    "dependencies": {
        "ng-apexcharts": {
            "version": "1.7.1",
            "resolved": "https://registry.npmjs.org/ng-apexcharts/-/ng-apexcharts-1.7.1.tgz",
            "integrity": "sha512-GTRhF70G0leGVGjx4cbLKGusZxF7FogFgJ59q3Ntk0MIEvJqfpSYywmocselh3cGR0S/Zt/d7JEgt/f2HOzpTA==",
            "requires": {
                "tslib": "^2.0.0"
            }
        },
        "tslib": {
            "version": "2.4.0",
            "resolved": "https://registry.npmjs.org/tslib/-/tslib-2.4.0.tgz",
            "integrity": "sha512-d6xOpEDfsi2CZVlPQzGeux8XMwLT9hssAsaPYExaQMuYskwb+x1x7J371tWlbBdWHroy99KnVB6qIkUbs5X3UQ=="
        }
    }
}
